// !$*UTF8*$!
{
	archiveVersion = 1;
	classes = {
	};
	objectVersion = 46;
	objects = {

/* Begin PBXBuildFile section */
		A764EB1714823D7C00F71FAF /* MDProduct.m in Sources */ = {isa = PBXBuildFile; fileRef = A764EB1614823D7C00F71FAF /* MDProduct.m */; };
		A77005EA147A959C004BF4E1 /* MDDietsListController.m in Sources */ = {isa = PBXBuildFile; fileRef = A77005E9147A959C004BF4E1 /* MDDietsListController.m */; };
		A77005F0147A9983004BF4E1 /* MDDietDetailsPages.m in Sources */ = {isa = PBXBuildFile; fileRef = A77005EF147A9983004BF4E1 /* MDDietDetailsPages.m */; };
		A781ED53147AADE1003AF0CF /* MDDetailsController.m in Sources */ = {isa = PBXBuildFile; fileRef = A781ED52147AADE1003AF0CF /* MDDetailsController.m */; };
		A7E83C66147A89580074CDAB /* UIKit.framework in Frameworks */ = {isa = PBXBuildFile; fileRef = A7E83C65147A89580074CDAB /* UIKit.framework */; };
		A7E83C68147A89580074CDAB /* Foundation.framework in Frameworks */ = {isa = PBXBuildFile; fileRef = A7E83C67147A89580074CDAB /* Foundation.framework */; };
		A7E83C6A147A89580074CDAB /* CoreGraphics.framework in Frameworks */ = {isa = PBXBuildFile; fileRef = A7E83C69147A89580074CDAB /* CoreGraphics.framework */; };
		A7E83C6C147A89580074CDAB /* CoreData.framework in Frameworks */ = {isa = PBXBuildFile; fileRef = A7E83C6B147A89580074CDAB /* CoreData.framework */; };
		A7E83C72147A89580074CDAB /* InfoPlist.strings in Resources */ = {isa = PBXBuildFile; fileRef = A7E83C70147A89580074CDAB /* InfoPlist.strings */; };
		A7E83C74147A89580074CDAB /* main.m in Sources */ = {isa = PBXBuildFile; fileRef = A7E83C73147A89580074CDAB /* main.m */; };
		A7E83C78147A89580074CDAB /* MDAppDelegate.m in Sources */ = {isa = PBXBuildFile; fileRef = A7E83C77147A89580074CDAB /* MDAppDelegate.m */; };
		A7E83C7B147A89580074CDAB /* MainStoryboard.storyboard in Resources */ = {isa = PBXBuildFile; fileRef = A7E83C79147A89580074CDAB /* MainStoryboard.storyboard */; };
		A7E83C7E147A89580074CDAB /* MedicalDiets.xcdatamodeld in Sources */ = {isa = PBXBuildFile; fileRef = A7E83C7C147A89580074CDAB /* MedicalDiets.xcdatamodeld */; };
		A7F1B9EB14823DB60027C35A /* MDDiet.m in Sources */ = {isa = PBXBuildFile; fileRef = A7F1B9EA14823DB60027C35A /* MDDiet.m */; };
		A7F1B9EE14823DD80027C35A /* diets.json in Resources */ = {isa = PBXBuildFile; fileRef = A7F1B9ED14823DD80027C35A /* diets.json */; };
		A7F1B9F0148249230027C35A /* products.json in Resources */ = {isa = PBXBuildFile; fileRef = A7F1B9EF148249230027C35A /* products.json */; };
/* End PBXBuildFile section */

/* Begin PBXFileReference section */
		A764EB1514823D7C00F71FAF /* MDProduct.h */ = {isa = PBXFileReference; fileEncoding = 4; lastKnownFileType = sourcecode.c.h; name = MDProduct.h; path = "Data management/MDProduct.h"; sourceTree = "<group>"; };
		A764EB1614823D7C00F71FAF /* MDProduct.m */ = {isa = PBXFileReference; fileEncoding = 4; lastKnownFileType = sourcecode.c.objc; name = MDProduct.m; path = "Data management/MDProduct.m"; sourceTree = "<group>"; };
		A77005E8147A959C004BF4E1 /* MDDietsListController.h */ = {isa = PBXFileReference; fileEncoding = 4; lastKnownFileType = sourcecode.c.h; path = MDDietsListController.h; sourceTree = "<group>"; };
		A77005E9147A959C004BF4E1 /* MDDietsListController.m */ = {isa = PBXFileReference; fileEncoding = 4; lastKnownFileType = sourcecode.c.objc; path = MDDietsListController.m; sourceTree = "<group>"; };
		A77005EE147A9983004BF4E1 /* MDDietDetailsPages.h */ = {isa = PBXFileReference; fileEncoding = 4; lastKnownFileType = sourcecode.c.h; path = MDDietDetailsPages.h; sourceTree = "<group>"; };
		A77005EF147A9983004BF4E1 /* MDDietDetailsPages.m */ = {isa = PBXFileReference; fileEncoding = 4; lastKnownFileType = sourcecode.c.objc; path = MDDietDetailsPages.m; sourceTree = "<group>"; };
		A781ED51147AADE1003AF0CF /* MDDetailsController.h */ = {isa = PBXFileReference; fileEncoding = 4; lastKnownFileType = sourcecode.c.h; path = MDDetailsController.h; sourceTree = "<group>"; };
		A781ED52147AADE1003AF0CF /* MDDetailsController.m */ = {isa = PBXFileReference; fileEncoding = 4; lastKnownFileType = sourcecode.c.objc; path = MDDetailsController.m; sourceTree = "<group>"; };
		A7E83C61147A89580074CDAB /* MedicalDiets.app */ = {isa = PBXFileReference; explicitFileType = wrapper.application; includeInIndex = 0; path = MedicalDiets.app; sourceTree = BUILT_PRODUCTS_DIR; };
		A7E83C65147A89580074CDAB /* UIKit.framework */ = {isa = PBXFileReference; lastKnownFileType = wrapper.framework; name = UIKit.framework; path = System/Library/Frameworks/UIKit.framework; sourceTree = SDKROOT; };
		A7E83C67147A89580074CDAB /* Foundation.framework */ = {isa = PBXFileReference; lastKnownFileType = wrapper.framework; name = Foundation.framework; path = System/Library/Frameworks/Foundation.framework; sourceTree = SDKROOT; };
		A7E83C69147A89580074CDAB /* CoreGraphics.framework */ = {isa = PBXFileReference; lastKnownFileType = wrapper.framework; name = CoreGraphics.framework; path = System/Library/Frameworks/CoreGraphics.framework; sourceTree = SDKROOT; };
		A7E83C6B147A89580074CDAB /* CoreData.framework */ = {isa = PBXFileReference; lastKnownFileType = wrapper.framework; name = CoreData.framework; path = System/Library/Frameworks/CoreData.framework; sourceTree = SDKROOT; };
		A7E83C6F147A89580074CDAB /* MedicalDiets-Info.plist */ = {isa = PBXFileReference; lastKnownFileType = text.plist.xml; path = "MedicalDiets-Info.plist"; sourceTree = "<group>"; };
		A7E83C71147A89580074CDAB /* en */ = {isa = PBXFileReference; lastKnownFileType = text.plist.strings; name = en; path = en.lproj/InfoPlist.strings; sourceTree = "<group>"; };
		A7E83C73147A89580074CDAB /* main.m */ = {isa = PBXFileReference; lastKnownFileType = sourcecode.c.objc; path = main.m; sourceTree = "<group>"; };
		A7E83C75147A89580074CDAB /* MedicalDiets-Prefix.pch */ = {isa = PBXFileReference; lastKnownFileType = sourcecode.c.h; path = "MedicalDiets-Prefix.pch"; sourceTree = "<group>"; };
		A7E83C76147A89580074CDAB /* MDAppDelegate.h */ = {isa = PBXFileReference; lastKnownFileType = sourcecode.c.h; path = MDAppDelegate.h; sourceTree = "<group>"; };
		A7E83C77147A89580074CDAB /* MDAppDelegate.m */ = {isa = PBXFileReference; lastKnownFileType = sourcecode.c.objc; path = MDAppDelegate.m; sourceTree = "<group>"; };
		A7E83C7A147A89580074CDAB /* en */ = {isa = PBXFileReference; lastKnownFileType = file.storyboard; name = en; path = en.lproj/MainStoryboard.storyboard; sourceTree = "<group>"; };
		A7E83C7D147A89580074CDAB /* MedicalDiets.xcdatamodel */ = {isa = PBXFileReference; lastKnownFileType = wrapper.xcdatamodel; path = MedicalDiets.xcdatamodel; sourceTree = "<group>"; };
		A7F1B9E914823DB60027C35A /* MDDiet.h */ = {isa = PBXFileReference; fileEncoding = 4; lastKnownFileType = sourcecode.c.h; name = MDDiet.h; path = "Data management/MDDiet.h"; sourceTree = "<group>"; };
		A7F1B9EA14823DB60027C35A /* MDDiet.m */ = {isa = PBXFileReference; fileEncoding = 4; lastKnownFileType = sourcecode.c.objc; name = MDDiet.m; path = "Data management/MDDiet.m"; sourceTree = "<group>"; };
		A7F1B9ED14823DD80027C35A /* diets.json */ = {isa = PBXFileReference; fileEncoding = 4; lastKnownFileType = text.json; name = diets.json; path = "Data management/diets.json"; sourceTree = "<group>"; };
		A7F1B9EF148249230027C35A /* products.json */ = {isa = PBXFileReference; fileEncoding = 4; lastKnownFileType = text.json; name = products.json; path = "Data management/products.json"; sourceTree = "<group>"; };
/* End PBXFileReference section */

/* Begin PBXFrameworksBuildPhase section */
		A7E83C5E147A89580074CDAB /* Frameworks */ = {
			isa = PBXFrameworksBuildPhase;
			buildActionMask = 2147483647;
			files = (
				A7E83C66147A89580074CDAB /* UIKit.framework in Frameworks */,
				A7E83C68147A89580074CDAB /* Foundation.framework in Frameworks */,
				A7E83C6A147A89580074CDAB /* CoreGraphics.framework in Frameworks */,
				A7E83C6C147A89580074CDAB /* CoreData.framework in Frameworks */,
			);
			runOnlyForDeploymentPostprocessing = 0;
		};
/* End PBXFrameworksBuildPhase section */

/* Begin PBXGroup section */
		A764EB101482151D00F71FAF /* UI */ = {
			isa = PBXGroup;
			children = (
				A764EB141482157000F71FAF /* Diet details */,
				A764EB131482155E00F71FAF /* Main screen */,
				A7E83C79147A89580074CDAB /* MainStoryboard.storyboard */,
			);
			name = UI;
			sourceTree = "<group>";
		};
		A764EB121482152F00F71FAF /* Data management */ = {
			isa = PBXGroup;
			children = (
				A7F1B9EC14823DBD0027C35A /* Raw data */,
				A764EB1514823D7C00F71FAF /* MDProduct.h */,
				A764EB1614823D7C00F71FAF /* MDProduct.m */,
				A7E83C7C147A89580074CDAB /* MedicalDiets.xcdatamodeld */,
				A7F1B9E914823DB60027C35A /* MDDiet.h */,
				A7F1B9EA14823DB60027C35A /* MDDiet.m */,
			);
			name = "Data management";
			sourceTree = "<group>";
		};
		A764EB131482155E00F71FAF /* Main screen */ = {
			isa = PBXGroup;
			children = (
				A77005E8147A959C004BF4E1 /* MDDietsListController.h */,
				A77005E9147A959C004BF4E1 /* MDDietsListController.m */,
			);
			name = "Main screen";
			sourceTree = "<group>";
		};
		A764EB141482157000F71FAF /* Diet details */ = {
			isa = PBXGroup;
			children = (
				A77005EE147A9983004BF4E1 /* MDDietDetailsPages.h */,
				A77005EF147A9983004BF4E1 /* MDDietDetailsPages.m */,
				A781ED51147AADE1003AF0CF /* MDDetailsController.h */,
				A781ED52147AADE1003AF0CF /* MDDetailsController.m */,
			);
			name = "Diet details";
			sourceTree = "<group>";
		};
		A7E83C56147A89570074CDAB = {
			isa = PBXGroup;
			children = (
				A7E83C6D147A89580074CDAB /* MedicalDiets */,
				A7E83C64147A89580074CDAB /* Frameworks */,
				A7E83C62147A89580074CDAB /* Products */,
			);
			sourceTree = "<group>";
		};
		A7E83C62147A89580074CDAB /* Products */ = {
			isa = PBXGroup;
			children = (
				A7E83C61147A89580074CDAB /* MedicalDiets.app */,
			);
			name = Products;
			sourceTree = "<group>";
		};
		A7E83C64147A89580074CDAB /* Frameworks */ = {
			isa = PBXGroup;
			children = (
				A7E83C65147A89580074CDAB /* UIKit.framework */,
				A7E83C67147A89580074CDAB /* Foundation.framework */,
				A7E83C69147A89580074CDAB /* CoreGraphics.framework */,
				A7E83C6B147A89580074CDAB /* CoreData.framework */,
			);
			name = Frameworks;
			sourceTree = "<group>";
		};
		A7E83C6D147A89580074CDAB /* MedicalDiets */ = {
			isa = PBXGroup;
			children = (
				A764EB121482152F00F71FAF /* Data management */,
				A764EB101482151D00F71FAF /* UI */,
				A7E83C76147A89580074CDAB /* MDAppDelegate.h */,
				A7E83C77147A89580074CDAB /* MDAppDelegate.m */,
				A7E83C6E147A89580074CDAB /* Supporting Files */,
			);
			path = MedicalDiets;
			sourceTree = "<group>";
		};
		A7E83C6E147A89580074CDAB /* Supporting Files */ = {
			isa = PBXGroup;
			children = (
				A7E83C6F147A89580074CDAB /* MedicalDiets-Info.plist */,
				A7E83C70147A89580074CDAB /* InfoPlist.strings */,
				A7E83C73147A89580074CDAB /* main.m */,
				A7E83C75147A89580074CDAB /* MedicalDiets-Prefix.pch */,
			);
			name = "Supporting Files";
			sourceTree = "<group>";
		};
		A7F1B9EC14823DBD0027C35A /* Raw data */ = {
			isa = PBXGroup;
			children = (
				A7F1B9ED14823DD80027C35A /* diets.json */,
				A7F1B9EF148249230027C35A /* products.json */,
			);
			name = "Raw data";
			sourceTree = "<group>";
		};
/* End PBXGroup section */

/* Begin PBXNativeTarget section */
		A7E83C60147A89580074CDAB /* MedicalDiets */ = {
			isa = PBXNativeTarget;
			buildConfigurationList = A7E83C87147A89580074CDAB /* Build configuration list for PBXNativeTarget "MedicalDiets" */;
			buildPhases = (
				A7E83C5D147A89580074CDAB /* Sources */,
				A7E83C5E147A89580074CDAB /* Frameworks */,
				A7E83C5F147A89580074CDAB /* Resources */,
			);
			buildRules = (
			);
			dependencies = (
			);
			name = MedicalDiets;
			productName = MedicalDiets;
			productReference = A7E83C61147A89580074CDAB /* MedicalDiets.app */;
			productType = "com.apple.product-type.application";
		};
/* End PBXNativeTarget section */

/* Begin PBXProject section */
		A7E83C58147A89570074CDAB /* Project object */ = {
			isa = PBXProject;
			attributes = {
				LastUpgradeCheck = 0420;
				ORGANIZATIONNAME = "semka.novikov@gmail.com";
			};
			buildConfigurationList = A7E83C5B147A89570074CDAB /* Build configuration list for PBXProject "MedicalDiets" */;
			compatibilityVersion = "Xcode 3.2";
			developmentRegion = English;
			hasScannedForEncodings = 0;
			knownRegions = (
				en,
			);
			mainGroup = A7E83C56147A89570074CDAB;
			productRefGroup = A7E83C62147A89580074CDAB /* Products */;
			projectDirPath = "";
			projectRoot = "";
			targets = (
				A7E83C60147A89580074CDAB /* MedicalDiets */,
			);
		};
/* End PBXProject section */

/* Begin PBXResourcesBuildPhase section */
		A7E83C5F147A89580074CDAB /* Resources */ = {
			isa = PBXResourcesBuildPhase;
			buildActionMask = 2147483647;
			files = (
				A7E83C72147A89580074CDAB /* InfoPlist.strings in Resources */,
				A7E83C7B147A89580074CDAB /* MainStoryboard.storyboard in Resources */,
				A7F1B9EE14823DD80027C35A /* diets.json in Resources */,
				A7F1B9F0148249230027C35A /* products.json in Resources */,
			);
			runOnlyForDeploymentPostprocessing = 0;
		};
/* End PBXResourcesBuildPhase section */

/* Begin PBXSourcesBuildPhase section */
		A7E83C5D147A89580074CDAB /* Sources */ = {
			isa = PBXSourcesBuildPhase;
			buildActionMask = 2147483647;
			files = (
				A7E83C74147A89580074CDAB /* main.m in Sources */,
				A7E83C78147A89580074CDAB /* MDAppDelegate.m in Sources */,
				A7E83C7E147A89580074CDAB /* MedicalDiets.xcdatamodeld in Sources */,
				A77005EA147A959C004BF4E1 /* MDDietsListController.m in Sources */,
				A77005F0147A9983004BF4E1 /* MDDietDetailsPages.m in Sources */,
				A781ED53147AADE1003AF0CF /* MDDetailsController.m in Sources */,
				A764EB1714823D7C00F71FAF /* MDProduct.m in Sources */,
				A7F1B9EB14823DB60027C35A /* MDDiet.m in Sources */,
			);
			runOnlyForDeploymentPostprocessing = 0;
		};
/* End PBXSourcesBuildPhase section */

/* Begin PBXVariantGroup section */
		A7E83C70147A89580074CDAB /* InfoPlist.strings */ = {
			isa = PBXVariantGroup;
			children = (
				A7E83C71147A89580074CDAB /* en */,
			);
			name = InfoPlist.strings;
			sourceTree = "<group>";
		};
		A7E83C79147A89580074CDAB /* MainStoryboard.storyboard */ = {
			isa = PBXVariantGroup;
			children = (
				A7E83C7A147A89580074CDAB /* en */,
			);
			name = MainStoryboard.storyboard;
			sourceTree = "<group>";
		};
/* End PBXVariantGroup section */

/* Begin XCBuildConfiguration section */
		A7E83C85147A89580074CDAB /* Debug */ = {
			isa = XCBuildConfiguration;
			buildSettings = {
				ALWAYS_SEARCH_USER_PATHS = NO;
				ARCHS = "$(ARCHS_STANDARD_32_BIT)";
				CLANG_ENABLE_OBJC_ARC = YES;
				"CODE_SIGN_IDENTITY[sdk=iphoneos*]" = "iPhone Developer";
				COPY_PHASE_STRIP = NO;
				GCC_C_LANGUAGE_STANDARD = gnu99;
				GCC_DYNAMIC_NO_PIC = NO;
				GCC_OPTIMIZATION_LEVEL = 0;
				GCC_PREPROCESSOR_DEFINITIONS = (
					"DEBUG=1",
					"$(inherited)",
				);
				GCC_SYMBOLS_PRIVATE_EXTERN = NO;
				GCC_VERSION = com.apple.compilers.llvm.clang.1_0;
				GCC_WARN_ABOUT_MISSING_PROTOTYPES = YES;
				GCC_WARN_ABOUT_RETURN_TYPE = YES;
				GCC_WARN_UNUSED_VARIABLE = YES;
				IPHONEOS_DEPLOYMENT_TARGET = 5.0;
				SDKROOT = iphoneos;
			};
			name = Debug;
		};
		A7E83C86147A89580074CDAB /* Release */ = {
			isa = XCBuildConfiguration;
			buildSettings = {
				ALWAYS_SEARCH_USER_PATHS = NO;
				ARCHS = "$(ARCHS_STANDARD_32_BIT)";
				CLANG_ENABLE_OBJC_ARC = YES;
				"CODE_SIGN_IDENTITY[sdk=iphoneos*]" = "iPhone Developer";
				COPY_PHASE_STRIP = YES;
				GCC_C_LANGUAGE_STANDARD = gnu99;
				GCC_VERSION = com.apple.compilers.llvm.clang.1_0;
				GCC_WARN_ABOUT_MISSING_PROTOTYPES = YES;
				GCC_WARN_ABOUT_RETURN_TYPE = YES;
				GCC_WARN_UNUSED_VARIABLE = YES;
				IPHONEOS_DEPLOYMENT_TARGET = 5.0;
				OTHER_CFLAGS = "-DNS_BLOCK_ASSERTIONS=1";
				SDKROOT = iphoneos;
				VALIDATE_PRODUCT = YES;
			};
			name = Release;
		};
		A7E83C88147A89580074CDAB /* Debug */ = {
			isa = XCBuildConfiguration;
			buildSettings = {
				GCC_PRECOMPILE_PREFIX_HEADER = YES;
				GCC_PREFIX_HEADER = "MedicalDiets/MedicalDiets-Prefix.pch";
				INFOPLIST_FILE = "MedicalDiets/MedicalDiets-Info.plist";
				PRODUCT_NAME = "$(TARGET_NAME)";
				WRAPPER_EXTENSION = app;
			};
			name = Debug;
		};
		A7E83C89147A89580074CDAB /* Release */ = {
			isa = XCBuildConfiguration;
			buildSettings = {
				GCC_PRECOMPILE_PREFIX_HEADER = YES;
				GCC_PREFIX_HEADER = "MedicalDiets/MedicalDiets-Prefix.pch";
				INFOPLIST_FILE = "MedicalDiets/MedicalDiets-Info.plist";
				PRODUCT_NAME = "$(TARGET_NAME)";
				WRAPPER_EXTENSION = app;
			};
			name = Release;
		};
/* End XCBuildConfiguration section */

/* Begin XCConfigurationList section */
		A7E83C5B147A89570074CDAB /* Build configuration list for PBXProject "MedicalDiets" */ = {
			isa = XCConfigurationList;
			buildConfigurations = (
				A7E83C85147A89580074CDAB /* Debug */,
				A7E83C86147A89580074CDAB /* Release */,
			);
			defaultConfigurationIsVisible = 0;
			defaultConfigurationName = Release;
		};
		A7E83C87147A89580074CDAB /* Build configuration list for PBXNativeTarget "MedicalDiets" */ = {
			isa = XCConfigurationList;
			buildConfigurations = (
				A7E83C88147A89580074CDAB /* Debug */,
				A7E83C89147A89580074CDAB /* Release */,
			);
			defaultConfigurationIsVisible = 0;
			defaultConfigurationName = Release;
		};
/* End XCConfigurationList section */

/* Begin XCVersionGroup section */
		A7E83C7C147A89580074CDAB /* MedicalDiets.xcdatamodeld */ = {
			isa = XCVersionGroup;
			children = (
				A7E83C7D147A89580074CDAB /* MedicalDiets.xcdatamodel */,
			);
			currentVersion = A7E83C7D147A89580074CDAB /* MedicalDiets.xcdatamodel */;
			path = MedicalDiets.xcdatamodeld;
			sourceTree = "<group>";
			versionGroupType = wrapper.xcdatamodel;
		};
/* End XCVersionGroup section */
	};
	rootObject = A7E83C58147A89570074CDAB /* Project object */;
}
